// !$*UTF8*$!
{ archiveVersion = 1; classes = {}; objectVersion = 56; objects = {
659BAE84903DDFE956517D66 = { isa = PBXFileReference; lastKnownFileType = sourcecode.swift; path = "App/GOSIPApp.swift"; sourceTree = "<group>"; };
98673484A4D0195C3B4693A1 = { isa = PBXBuildFile; fileRef = 659BAE84903DDFE956517D66; };
B6FEF017E7D1417F76622CAF = { isa = PBXFileReference; lastKnownFileType = sourcecode.swift; path = "App/OfflineMap.swift"; sourceTree = "<group>"; };
859E5880AEE252442B187E17 = { isa = PBXBuildFile; fileRef = B6FEF017E7D1417F76622CAF; };
7D50808900D0F38E04370D72 = { isa = PBXFileReference; lastKnownFileType = sourcecode.swift; path = "App/ViewLinkSheet.swift"; sourceTree = "<group>"; };
29FE7727FBF4F7D1495F6BC8 = { isa = PBXBuildFile; fileRef = 7D50808900D0F38E04370D72; };
1C56E4FACC29B09413DE3F1B = { isa = PBXFileReference; lastKnownFileType = sourcecode.swift; path = "Core/Sources/GOSIPCore/ViewLink.swift"; sourceTree = "<group>"; };
1D1893CD11A9132475A7BB96 = { isa = PBXBuildFile; fileRef = 1C56E4FACC29B09413DE3F1B; };
58205263BE2126195479610F = { isa = PBXFileReference; lastKnownFileType = sourcecode.swift; path = "Core/Sources/GOSIPCore/Explorer.swift"; sourceTree = "<group>"; };
8EEFA396AD2ED39823A8C020 = { isa = PBXBuildFile; fileRef = 58205263BE2126195479610F; };
87D121B8FE18AE19C9DB1C19 = { isa = PBXFileReference; lastKnownFileType = text.json; path = "Core/Sources/GOSIPCore/Resources/fixtures.json"; sourceTree = "<group>"; };
C023DD39A7FF000579BEB551 = { isa = PBXBuildFile; fileRef = 87D121B8FE18AE19C9DB1C19; };
38CC4A778F7D415ECB54D598 = { isa = PBXFileReference; lastKnownFileType = text.json; path = "Core/Sources/GOSIPCore/Resources/world.json"; sourceTree = "<group>"; };
261C4AF7130D4AE4EC52C515 = { isa = PBXBuildFile; fileRef = 38CC4A778F7D415ECB54D598; };
7EE7F5B25C481E6F8698544C = { isa = PBXFileReference; lastKnownFileType = text; path = "Core/Sources/GOSIPCore/Resources/notices.txt"; sourceTree = "<group>"; };
0AF98FA2AA2C52D2F116B0A2 = { isa = PBXBuildFile; fileRef = 7EE7F5B25C481E6F8698544C; };
F7E60301D875DAE9A24955DE = { isa = PBXFileReference; lastKnownFileType = sourcecode.swift; path = "UITests/ExplorerUITests.swift"; sourceTree = "<group>"; };
C11C8B7B826BBBD6ED247A61 = { isa = PBXBuildFile; fileRef = F7E60301D875DAE9A24955DE; };
763D774377779C412BB71F6F = { isa = PBXFileReference; explicitFileType = wrapper.application; path = GOSIP.app; sourceTree = BUILT_PRODUCTS_DIR; };
00444E2C37DD529B70E931A2 = { isa = PBXFileReference; explicitFileType = wrapper.cfbundle; path = GOSIPUITests.xctest; sourceTree = BUILT_PRODUCTS_DIR; };
0A3E27B8CA818264D75C8D81 = { isa = PBXGroup; children = (763D774377779C412BB71F6F, 00444E2C37DD529B70E931A2,); name = Products; sourceTree = "<group>"; };
0D6E4079E36703EBD37C0072 = { isa = PBXGroup; children = (659BAE84903DDFE956517D66, B6FEF017E7D1417F76622CAF, 7D50808900D0F38E04370D72, 1C56E4FACC29B09413DE3F1B, 58205263BE2126195479610F, 87D121B8FE18AE19C9DB1C19, 38CC4A778F7D415ECB54D598, 7EE7F5B25C481E6F8698544C, F7E60301D875DAE9A24955DE, 0A3E27B8CA818264D75C8D81,); sourceTree = "<group>"; };
D8AFF257B45D0C513672EC45 = { isa = PBXSourcesBuildPhase; buildActionMask = 2147483647; files = (98673484A4D0195C3B4693A1, 859E5880AEE252442B187E17, 29FE7727FBF4F7D1495F6BC8, 1D1893CD11A9132475A7BB96, 8EEFA396AD2ED39823A8C020,); runOnlyForDeploymentPostprocessing = 0; };
91024282FFD499F5807DB5BC = { isa = PBXFrameworksBuildPhase; buildActionMask = 2147483647; files = (); runOnlyForDeploymentPostprocessing = 0; };
DC549ACCB7C726C62ECFD4E2 = { isa = PBXResourcesBuildPhase; buildActionMask = 2147483647; files = (C023DD39A7FF000579BEB551, 261C4AF7130D4AE4EC52C515, 0AF98FA2AA2C52D2F116B0A2,); runOnlyForDeploymentPostprocessing = 0; };
B2298129A58493C45A5D7D9A = { isa = PBXSourcesBuildPhase; buildActionMask = 2147483647; files = (C11C8B7B826BBBD6ED247A61,); runOnlyForDeploymentPostprocessing = 0; };
28557525D9B40FEE6754FB60 = { isa = PBXFrameworksBuildPhase; buildActionMask = 2147483647; files = (); runOnlyForDeploymentPostprocessing = 0; };
3F6BC17F79ADBDD97FB52430 = { isa = PBXResourcesBuildPhase; buildActionMask = 2147483647; files = (); runOnlyForDeploymentPostprocessing = 0; };
1241936D4DD3AAD68FE7BFBD = { isa = PBXContainerItemProxy; containerPortal = 244210E48437B6556980A702; proxyType = 1; remoteGlobalIDString = AC44A5EE06496B21A17CA082; remoteInfo = GOSIP; };
F26350DAFE3F19AABFD69AC4 = { isa = PBXTargetDependency; target = AC44A5EE06496B21A17CA082; targetProxy = 1241936D4DD3AAD68FE7BFBD; };
AC44A5EE06496B21A17CA082 = { isa = PBXNativeTarget; buildConfigurationList = 429643FC2242030B49D9DF4F; buildPhases = (D8AFF257B45D0C513672EC45, 91024282FFD499F5807DB5BC, DC549ACCB7C726C62ECFD4E2,); buildRules = (); dependencies = (); name = GOSIP; productName = GOSIP; productReference = 763D774377779C412BB71F6F; productType = "com.apple.product-type.application"; };
3A0C9CEF9D8F3BC090274361 = { isa = PBXNativeTarget; buildConfigurationList = 58D27FEC5A1213B77EBDD3A1; buildPhases = (B2298129A58493C45A5D7D9A, 28557525D9B40FEE6754FB60, 3F6BC17F79ADBDD97FB52430,); buildRules = (); dependencies = (F26350DAFE3F19AABFD69AC4,); name = GOSIPUITests; productName = GOSIPUITests; productReference = 00444E2C37DD529B70E931A2; productType = "com.apple.product-type.bundle.ui-testing"; };
73EBF6644258C120893E685D = { isa = XCBuildConfiguration; buildSettings = { SDKROOT = iphoneos; IPHONEOS_DEPLOYMENT_TARGET = 17.0; SWIFT_VERSION = 6.0; CLANG_ENABLE_MODULES = YES; SWIFT_OPTIMIZATION_LEVEL = "-Onone"; DEBUG_INFORMATION_FORMAT = dwarf; }; name = Debug; };
0B0C687DF8B6B8DC790B519C = { isa = XCBuildConfiguration; buildSettings = { SDKROOT = iphoneos; IPHONEOS_DEPLOYMENT_TARGET = 17.0; SWIFT_VERSION = 6.0; CLANG_ENABLE_MODULES = YES; SWIFT_OPTIMIZATION_LEVEL = "-O"; DEBUG_INFORMATION_FORMAT = "dwarf-with-dsym"; }; name = Release; };
D69E6ABAEE8D1F0F03292F91 = { isa = XCConfigurationList; buildConfigurations = (73EBF6644258C120893E685D, 0B0C687DF8B6B8DC790B519C,); defaultConfigurationIsVisible = 0; defaultConfigurationName = Release; };
B00CCDD09424E369308D67FA = { isa = XCBuildConfiguration; buildSettings = { SDKROOT = iphoneos; IPHONEOS_DEPLOYMENT_TARGET = 17.0; SWIFT_VERSION = 6.0; CLANG_ENABLE_MODULES = YES; SWIFT_OPTIMIZATION_LEVEL = "-Onone"; DEBUG_INFORMATION_FORMAT = dwarf; GENERATE_INFOPLIST_FILE = YES; TARGETED_DEVICE_FAMILY = "1,2"; PRODUCT_NAME = "$(TARGET_NAME)"; CODE_SIGNING_ALLOWED = NO; MARKETING_VERSION = 0.1.0; CURRENT_PROJECT_VERSION = 1; PRODUCT_BUNDLE_IDENTIFIER = org.gosip.explorer; INFOPLIST_KEY_UIApplicationSceneManifest_Generation = YES; INFOPLIST_KEY_UILaunchScreen_Generation = YES; INFOPLIST_KEY_UISupportedInterfaceOrientations = "UIInterfaceOrientationPortrait UIInterfaceOrientationLandscapeLeft UIInterfaceOrientationLandscapeRight"; INFOPLIST_KEY_UISupportedInterfaceOrientations_iPad = "UIInterfaceOrientationPortrait UIInterfaceOrientationPortraitUpsideDown UIInterfaceOrientationLandscapeLeft UIInterfaceOrientationLandscapeRight"; INFOPLIST_KEY_CFBundleDisplayName = GOSIP; }; name = Debug; };
1B104479E55E37CF8A63CBDF = { isa = XCBuildConfiguration; buildSettings = { SDKROOT = iphoneos; IPHONEOS_DEPLOYMENT_TARGET = 17.0; SWIFT_VERSION = 6.0; CLANG_ENABLE_MODULES = YES; SWIFT_OPTIMIZATION_LEVEL = "-O"; DEBUG_INFORMATION_FORMAT = "dwarf-with-dsym"; GENERATE_INFOPLIST_FILE = YES; TARGETED_DEVICE_FAMILY = "1,2"; PRODUCT_NAME = "$(TARGET_NAME)"; CODE_SIGNING_ALLOWED = NO; MARKETING_VERSION = 0.1.0; CURRENT_PROJECT_VERSION = 1; PRODUCT_BUNDLE_IDENTIFIER = org.gosip.explorer; INFOPLIST_KEY_UIApplicationSceneManifest_Generation = YES; INFOPLIST_KEY_UILaunchScreen_Generation = YES; INFOPLIST_KEY_UISupportedInterfaceOrientations = "UIInterfaceOrientationPortrait UIInterfaceOrientationLandscapeLeft UIInterfaceOrientationLandscapeRight"; INFOPLIST_KEY_UISupportedInterfaceOrientations_iPad = "UIInterfaceOrientationPortrait UIInterfaceOrientationPortraitUpsideDown UIInterfaceOrientationLandscapeLeft UIInterfaceOrientationLandscapeRight"; INFOPLIST_KEY_CFBundleDisplayName = GOSIP; }; name = Release; };
429643FC2242030B49D9DF4F = { isa = XCConfigurationList; buildConfigurations = (B00CCDD09424E369308D67FA, 1B104479E55E37CF8A63CBDF,); defaultConfigurationIsVisible = 0; defaultConfigurationName = Release; };
DD3F495F7D6A5AA1C1769021 = { isa = XCBuildConfiguration; buildSettings = { SDKROOT = iphoneos; IPHONEOS_DEPLOYMENT_TARGET = 17.0; SWIFT_VERSION = 6.0; CLANG_ENABLE_MODULES = YES; SWIFT_OPTIMIZATION_LEVEL = "-Onone"; DEBUG_INFORMATION_FORMAT = dwarf; GENERATE_INFOPLIST_FILE = YES; TARGETED_DEVICE_FAMILY = "1,2"; PRODUCT_NAME = "$(TARGET_NAME)"; CODE_SIGNING_ALLOWED = NO; MARKETING_VERSION = 0.1.0; CURRENT_PROJECT_VERSION = 1; PRODUCT_BUNDLE_IDENTIFIER = org.gosip.uitests; TEST_TARGET_NAME = GOSIP; }; name = Debug; };
E670BC2FFE794172EBC92AE3 = { isa = XCBuildConfiguration; buildSettings = { SDKROOT = iphoneos; IPHONEOS_DEPLOYMENT_TARGET = 17.0; SWIFT_VERSION = 6.0; CLANG_ENABLE_MODULES = YES; SWIFT_OPTIMIZATION_LEVEL = "-O"; DEBUG_INFORMATION_FORMAT = "dwarf-with-dsym"; GENERATE_INFOPLIST_FILE = YES; TARGETED_DEVICE_FAMILY = "1,2"; PRODUCT_NAME = "$(TARGET_NAME)"; CODE_SIGNING_ALLOWED = NO; MARKETING_VERSION = 0.1.0; CURRENT_PROJECT_VERSION = 1; PRODUCT_BUNDLE_IDENTIFIER = org.gosip.uitests; TEST_TARGET_NAME = GOSIP; }; name = Release; };
58D27FEC5A1213B77EBDD3A1 = { isa = XCConfigurationList; buildConfigurations = (DD3F495F7D6A5AA1C1769021, E670BC2FFE794172EBC92AE3,); defaultConfigurationIsVisible = 0; defaultConfigurationName = Release; };
244210E48437B6556980A702 = { isa = PBXProject; attributes = { BuildIndependentTargetsInParallel = YES; LastUpgradeCheck = 2700; }; buildConfigurationList = D69E6ABAEE8D1F0F03292F91; compatibilityVersion = "Xcode 14.0"; developmentRegion = en; hasScannedForEncodings = 0; knownRegions = (en, Base, fr, es, ar); mainGroup = 0D6E4079E36703EBD37C0072; productRefGroup = 0A3E27B8CA818264D75C8D81; projectDirPath = ""; projectRoot = ""; targets = (AC44A5EE06496B21A17CA082, 3A0C9CEF9D8F3BC090274361,); };
}; rootObject = 244210E48437B6556980A702; }
